
Microsoft Visual Studio Solution File, Format Version 12.00
# Visual Studio Version 16
VisualStudioVersion = 25.0.1704.2
MinimumVisualStudioVersion = 10.0.40219.1
Project("{FAE04EC0-301F-11D3-BF4B-00C04F79EFBC}") = "PreHardmodePlus", "PreHardmodePlus.csproj", "{18E8BB70-C319-4AAF-9E7E-F85C9354174D}"
EndProject
Global
	GlobalSection(SolutionConfigurationPlatforms) = preSolution
		Debug|Any CPU = Debug|Any CPU
		Release|Any CPU = Release|Any CPU
	EndGlobalSection
	GlobalSection(ProjectConfigurationPlatforms) = postSolution
		{18E8BB70-C319-4AAF-9E7E-F85C9354174D}.Debug|Any CPU.ActiveCfg = Debug|Any CPU
		{18E8BB70-C319-4AAF-9E7E-F85C9354174D}.Debug|Any CPU.Build.0 = Debug|Any CPU
		{18E8BB70-C319-4AAF-9E7E-F85C9354174D}.Release|Any CPU.ActiveCfg = Release|Any CPU
		{18E8BB70-C319-4AAF-9E7E-F85C9354174D}.Release|Any CPU.Build.0 = Release|Any CPU
	EndGlobalSection
	GlobalSection(SolutionProperties) = preSolution
		HideSolutionNode = FALSE
	EndGlobalSection
	GlobalSection(ExtensibilityGlobals) = postSolution
		SolutionGuid = {B9A946FD-5113-4D1F-B61D-27B9EAE3422F}
	EndGlobalSection
EndGlobal
